
Microsoft Visual Studio Solution File, Format Version 12.00
# Visual Studio 15
VisualStudioVersion = 15.0.27004.2008
MinimumVisualStudioVersion = 10.0.40219.1
Project("{D954291E-2A0B-460D-934E-DC6B0785DB48}") = "App1", "App1\App1\App1.shproj", "{788FE4F4-ED00-40BC-A34E-E9777190D982}"
EndProject
Project("{FAE04EC0-301F-11D3-BF4B-00C04F79EFBC}") = "App1.Android", "App1\App1.Android\App1.Android.csproj", "{F0C7635A-4B25-418C-9FB9-B740CC0DB666}"
EndProject
Project("{FAE04EC0-301F-11D3-BF4B-00C04F79EFBC}") = "App1.iOS", "App1\App1.iOS\App1.iOS.csproj", "{0D86E8D2-A8A0-4052-9C5D-2EA150B2CF53}"
EndProject
Global
	GlobalSection(SharedMSBuildProjectFiles) = preSolution
		App1\App1\App1.projitems*{0d86e8d2-a8a0-4052-9c5d-2ea150b2cf53}*SharedItemsImports = 4
		App1\App1\App1.projitems*{788fe4f4-ed00-40bc-a34e-e9777190d982}*SharedItemsImports = 13
		App1\App1\App1.projitems*{f0c7635a-4b25-418c-9fb9-b740cc0db666}*SharedItemsImports = 4
	EndGlobalSection
	GlobalSection(SolutionConfigurationPlatforms) = preSolution
		Ad-Hoc|Any CPU = Ad-Hoc|Any CPU
		Ad-Hoc|ARM = Ad-Hoc|ARM
		Ad-Hoc|iPhone = Ad-Hoc|iPhone
		Ad-Hoc|iPhoneSimulator = Ad-Hoc|iPhoneSimulator
		Ad-Hoc|x64 = Ad-Hoc|x64
		Ad-Hoc|x86 = Ad-Hoc|x86
		AppStore|Any CPU = AppStore|Any CPU
		AppStore|ARM = AppStore|ARM
		AppStore|iPhone = AppStore|iPhone
		AppStore|iPhoneSimulator = AppStore|iPhoneSimulator
		AppStore|x64 = AppStore|x64
		AppStore|x86 = AppStore|x86
		Debug|Any CPU = Debug|Any CPU
		Debug|ARM = Debug|ARM
		Debug|iPhone = Debug|iPhone
		Debug|iPhoneSimulator = Debug|iPhoneSimulator
		Debug|x64 = Debug|x64
		Debug|x86 = Debug|x86
		Release|Any CPU = Release|Any CPU
		Release|ARM = Release|ARM
		Release|iPhone = Release|iPhone
		Release|iPhoneSimulator = Release|iPhoneSimulator
		Release|x64 = Release|x64
		Release|x86 = Release|x86
	EndGlobalSection
	GlobalSection(ProjectConfigurationPlatforms) = postSolution
		{F0C7635A-4B25-418C-9FB9-B740CC0DB666}.Ad-Hoc|Any CPU.ActiveCfg = Release|Any CPU
		{F0C7635A-4B25-418C-9FB9-B740CC0DB666}.Ad-Hoc|Any CPU.Build.0 = Release|Any CPU
		{F0C7635A-4B25-418C-9FB9-B740CC0DB666}.Ad-Hoc|Any CPU.Deploy.0 = Release|Any CPU
		{F0C7635A-4B25-418C-9FB9-B740CC0DB666}.Ad-Hoc|ARM.ActiveCfg = Release|Any CPU
		{F0C7635A-4B25-418C-9FB9-B740CC0DB666}.Ad-Hoc|ARM.Build.0 = Release|Any CPU
		{F0C7635A-4B25-418C-9FB9-B740CC0DB666}.Ad-Hoc|ARM.Deploy.0 = Release|Any CPU
		{F0C7635A-4B25-418C-9FB9-B740CC0DB666}.Ad-Hoc|iPhone.ActiveCfg = Release|Any CPU
		{F0C7635A-4B25-418C-9FB9-B740CC0DB666}.Ad-Hoc|iPhone.Build.0 = Release|Any CPU
		{F0C7635A-4B25-418C-9FB9-B740CC0DB666}.Ad-Hoc|iPhone.Deploy.0 = Release|Any CPU
		{F0C7635A-4B25-418C-9FB9-B740CC0DB666}.Ad-Hoc|iPhoneSimulator.ActiveCfg = Release|Any CPU
		{F0C7635A-4B25-418C-9FB9-B740CC0DB666}.Ad-Hoc|iPhoneSimulator.Build.0 = Release|Any CPU
		{F0C7635A-4B25-418C-9FB9-B740CC0DB666}.Ad-Hoc|iPhoneSimulator.Deploy.0 = Release|Any CPU
		{F0C7635A-4B25-418C-9FB9-B740CC0DB666}.Ad-Hoc|x64.ActiveCfg = Release|Any CPU
		{F0C7635A-4B25-418C-9FB9-B740CC0DB666}.Ad-Hoc|x64.Build.0 = Release|Any CPU
		{F0C7635A-4B25-418C-9FB9-B740CC0DB666}.Ad-Hoc|x64.Deploy.0 = Release|Any CPU
		{F0C7635A-4B25-418C-9FB9-B740CC0DB666}.Ad-Hoc|x86.ActiveCfg = Release|Any CPU
		{F0C7635A-4B25-418C-9FB9-B740CC0DB666}.Ad-Hoc|x86.Build.0 = Release|Any CPU
		{F0C7635A-4B25-418C-9FB9-B740CC0DB666}.Ad-Hoc|x86.Deploy.0 = Release|Any CPU
		{F0C7635A-4B25-418C-9FB9-B740CC0DB666}.AppStore|Any CPU.ActiveCfg = Release|Any CPU
		{F0C7635A-4B25-418C-9FB9-B740CC0DB666}.AppStore|Any CPU.Build.0 = Release|Any CPU
		{F0C7635A-4B25-418C-9FB9-B740CC0DB666}.AppStore|Any CPU.Deploy.0 = Release|Any CPU
		{F0C7635A-4B25-418C-9FB9-B740CC0DB666}.AppStore|ARM.ActiveCfg = Release|Any CPU
		{F0C7635A-4B25-418C-9FB9-B740CC0DB666}.AppStore|ARM.Build.0 = Release|Any CPU
		{F0C7635A-4B25-418C-9FB9-B740CC0DB666}.AppStore|ARM.Deploy.0 = Release|Any CPU
		{F0C7635A-4B25-418C-9FB9-B740CC0DB666}.AppStore|iPhone.ActiveCfg = Release|Any CPU
		{F0C7635A-4B25-418C-9FB9-B740CC0DB666}.AppStore|iPhone.Build.0 = Release|Any CPU
		{F0C7635A-4B25-418C-9FB9-B740CC0DB666}.AppStore|iPhone.Deploy.0 = Release|Any CPU
		{F0C7635A-4B25-418C-9FB9-B740CC0DB666}.AppStore|iPhoneSimulator.ActiveCfg = Release|Any CPU
		{F0C7635A-4B25-418C-9FB9-B740CC0DB666}.AppStore|iPhoneSimulator.Build.0 = Release|Any CPU
		{F0C7635A-4B25-418C-9FB9-B740CC0DB666}.AppStore|iPhoneSimulator.Deploy.0 = Release|Any CPU
		{F0C7635A-4B25-418C-9FB9-B740CC0DB666}.AppStore|x64.ActiveCfg = Release|Any CPU
		{F0C7635A-4B25-418C-9FB9-B740CC0DB666}.AppStore|x64.Build.0 = Release|Any CPU
		{F0C7635A-4B25-418C-9FB9-B740CC0DB666}.AppStore|x64.Deploy.0 = Release|Any CPU
		{F0C7635A-4B25-418C-9FB9-B740CC0DB666}.AppStore|x86.ActiveCfg = Release|Any CPU
		{F0C7635A-4B25-418C-9FB9-B740CC0DB666}.AppStore|x86.Build.0 = Release|Any CPU
		{F0C7635A-4B25-418C-9FB9-B740CC0DB666}.AppStore|x86.Deploy.0 = Release|Any CPU
		{F0C7635A-4B25-418C-9FB9-B740CC0DB666}.Debug|Any CPU.ActiveCfg = Debug|Any CPU
		{F0C7635A-4B25-418C-9FB9-B740CC0DB666}.Debug|Any CPU.Build.0 = Debug|Any CPU
		{F0C7635A-4B25-418C-9FB9-B740CC0DB666}.Debug|Any CPU.Deploy.0 = Debug|Any CPU
		{F0C7635A-4B25-418C-9FB9-B740CC0DB666}.Debug|ARM.ActiveCfg = Debug|Any CPU
		{F0C7635A-4B25-418C-9FB9-B740CC0DB666}.Debug|ARM.Build.0 = Debug|Any CPU
		{F0C7635A-4B25-418C-9FB9-B740CC0DB666}.Debug|ARM.Deploy.0 = Debug|Any CPU
		{F0C7635A-4B25-418C-9FB9-B740CC0DB666}.Debug|iPhone.ActiveCfg = Debug|Any CPU
		{F0C7635A-4B25-418C-9FB9-B740CC0DB666}.Debug|iPhone.Build.0 = Debug|Any CPU
		{F0C7635A-4B25-418C-9FB9-B740CC0DB666}.Debug|iPhone.Deploy.0 = Debug|Any CPU
		{F0C7635A-4B25-418C-9FB9-B740CC0DB666}.Debug|iPhoneSimulator.ActiveCfg = Debug|Any CPU
		{F0C7635A-4B25-418C-9FB9-B740CC0DB666}.Debug|iPhoneSimulator.Build.0 = Debug|Any CPU
		{F0C7635A-4B25-418C-9FB9-B740CC0DB666}.Debug|iPhoneSimulator.Deploy.0 = Debug|Any CPU
		{F0C7635A-4B25-418C-9FB9-B740CC0DB666}.Debug|x64.ActiveCfg = Debug|Any CPU
		{F0C7635A-4B25-418C-9FB9-B740CC0DB666}.Debug|x64.Build.0 = Debug|Any CPU
		{F0C7635A-4B25-418C-9FB9-B740CC0DB666}.Debug|x64.Deploy.0 = Debug|Any CPU
		{F0C7635A-4B25-418C-9FB9-B740CC0DB666}.Debug|x86.ActiveCfg = Debug|Any CPU
		{F0C7635A-4B25-418C-9FB9-B740CC0DB666}.Debug|x86.Build.0 = Debug|Any CPU
		{F0C7635A-4B25-418C-9FB9-B740CC0DB666}.Debug|x86.Deploy.0 = Debug|Any CPU
		{F0C7635A-4B25-418C-9FB9-B740CC0DB666}.Release|Any CPU.ActiveCfg = Release|Any CPU
		{F0C7635A-4B25-418C-9FB9-B740CC0DB666}.Release|Any CPU.Build.0 = Release|Any CPU
		{F0C7635A-4B25-418C-9FB9-B740CC0DB666}.Release|Any CPU.Deploy.0 = Release|Any CPU
		{F0C7635A-4B25-418C-9FB9-B740CC0DB666}.Release|ARM.ActiveCfg = Release|Any CPU
		{F0C7635A-4B25-418C-9FB9-B740CC0DB666}.Release|ARM.Build.0 = Release|Any CPU
		{F0C7635A-4B25-418C-9FB9-B740CC0DB666}.Release|ARM.Deploy.0 = Release|Any CPU
		{F0C7635A-4B25-418C-9FB9-B740CC0DB666}.Release|iPhone.ActiveCfg = Release|Any CPU
		{F0C7635A-4B25-418C-9FB9-B740CC0DB666}.Release|iPhone.Build.0 = Release|Any CPU
		{F0C7635A-4B25-418C-9FB9-B740CC0DB666}.Release|iPhone.Deploy.0 = Release|Any CPU
		{F0C7635A-4B25-418C-9FB9-B740CC0DB666}.Release|iPhoneSimulator.ActiveCfg = Release|Any CPU
		{F0C7635A-4B25-418C-9FB9-B740CC0DB666}.Release|iPhoneSimulator.Build.0 = Release|Any CPU
		{F0C7635A-4B25-418C-9FB9-B740CC0DB666}.Release|iPhoneSimulator.Deploy.0 = Release|Any CPU
		{F0C7635A-4B25-418C-9FB9-B740CC0DB666}.Release|x64.ActiveCfg = Release|Any CPU
		{F0C7635A-4B25-418C-9FB9-B740CC0DB666}.Release|x64.Build.0 = Release|Any CPU
		{F0C7635A-4B25-418C-9FB9-B740CC0DB666}.Release|x64.Deploy.0 = Release|Any CPU
		{F0C7635A-4B25-418C-9FB9-B740CC0DB666}.Release|x86.ActiveCfg = Release|Any CPU
		{F0C7635A-4B25-418C-9FB9-B740CC0DB666}.Release|x86.Build.0 = Release|Any CPU
		{F0C7635A-4B25-418C-9FB9-B740CC0DB666}.Release|x86.Deploy.0 = Release|Any CPU
		{0D86E8D2-A8A0-4052-9C5D-2EA150B2CF53}.Ad-Hoc|Any CPU.ActiveCfg = Ad-Hoc|iPhoneSimulator
		{0D86E8D2-A8A0-4052-9C5D-2EA150B2CF53}.Ad-Hoc|ARM.ActiveCfg = Ad-Hoc|iPhone
		{0D86E8D2-A8A0-4052-9C5D-2EA150B2CF53}.Ad-Hoc|iPhone.ActiveCfg = Ad-Hoc|iPhone
		{0D86E8D2-A8A0-4052-9C5D-2EA150B2CF53}.Ad-Hoc|iPhone.Build.0 = Ad-Hoc|iPhone
		{0D86E8D2-A8A0-4052-9C5D-2EA150B2CF53}.Ad-Hoc|iPhoneSimulator.ActiveCfg = Ad-Hoc|iPhoneSimulator
		{0D86E8D2-A8A0-4052-9C5D-2EA150B2CF53}.Ad-Hoc|iPhoneSimulator.Build.0 = Ad-Hoc|iPhoneSimulator
		{0D86E8D2-A8A0-4052-9C5D-2EA150B2CF53}.Ad-Hoc|x64.ActiveCfg = Ad-Hoc|iPhone
		{0D86E8D2-A8A0-4052-9C5D-2EA150B2CF53}.Ad-Hoc|x86.ActiveCfg = Ad-Hoc|iPhone
		{0D86E8D2-A8A0-4052-9C5D-2EA150B2CF53}.AppStore|Any CPU.ActiveCfg = AppStore|iPhoneSimulator
		{0D86E8D2-A8A0-4052-9C5D-2EA150B2CF53}.AppStore|ARM.ActiveCfg = AppStore|iPhone
		{0D86E8D2-A8A0-4052-9C5D-2EA150B2CF53}.AppStore|iPhone.ActiveCfg = AppStore|iPhone
		{0D86E8D2-A8A0-4052-9C5D-2EA150B2CF53}.AppStore|iPhone.Build.0 = AppStore|iPhone
		{0D86E8D2-A8A0-4052-9C5D-2EA150B2CF53}.AppStore|iPhoneSimulator.ActiveCfg = AppStore|iPhoneSimulator
		{0D86E8D2-A8A0-4052-9C5D-2EA150B2CF53}.AppStore|iPhoneSimulator.Build.0 = AppStore|iPhoneSimulator
		{0D86E8D2-A8A0-4052-9C5D-2EA150B2CF53}.AppStore|x64.ActiveCfg = AppStore|iPhone
		{0D86E8D2-A8A0-4052-9C5D-2EA150B2CF53}.AppStore|x86.ActiveCfg = AppStore|iPhone
		{0D86E8D2-A8A0-4052-9C5D-2EA150B2CF53}.Debug|Any CPU.ActiveCfg = Debug|iPhoneSimulator
		{0D86E8D2-A8A0-4052-9C5D-2EA150B2CF53}.Debug|ARM.ActiveCfg = Debug|iPhone
		{0D86E8D2-A8A0-4052-9C5D-2EA150B2CF53}.Debug|iPhone.ActiveCfg = Debug|iPhone
		{0D86E8D2-A8A0-4052-9C5D-2EA150B2CF53}.Debug|iPhone.Build.0 = Debug|iPhone
		{0D86E8D2-A8A0-4052-9C5D-2EA150B2CF53}.Debug|iPhoneSimulator.ActiveCfg = Debug|iPhoneSimulator
		{0D86E8D2-A8A0-4052-9C5D-2EA150B2CF53}.Debug|iPhoneSimulator.Build.0 = Debug|iPhoneSimulator
		{0D86E8D2-A8A0-4052-9C5D-2EA150B2CF53}.Debug|x64.ActiveCfg = Debug|iPhone
		{0D86E8D2-A8A0-4052-9C5D-2EA150B2CF53}.Debug|x86.ActiveCfg = Debug|iPhone
		{0D86E8D2-A8A0-4052-9C5D-2EA150B2CF53}.Release|Any CPU.ActiveCfg = Release|iPhoneSimulator
		{0D86E8D2-A8A0-4052-9C5D-2EA150B2CF53}.Release|ARM.ActiveCfg = Release|iPhone
		{0D86E8D2-A8A0-4052-9C5D-2EA150B2CF53}.Release|iPhone.ActiveCfg = Release|iPhone
		{0D86E8D2-A8A0-4052-9C5D-2EA150B2CF53}.Release|iPhone.Build.0 = Release|iPhone
		{0D86E8D2-A8A0-4052-9C5D-2EA150B2CF53}.Release|iPhoneSimulator.ActiveCfg = Release|iPhoneSimulator
		{0D86E8D2-A8A0-4052-9C5D-2EA150B2CF53}.Release|iPhoneSimulator.Build.0 = Release|iPhoneSimulator
		{0D86E8D2-A8A0-4052-9C5D-2EA150B2CF53}.Release|x64.ActiveCfg = Release|iPhone
		{0D86E8D2-A8A0-4052-9C5D-2EA150B2CF53}.Release|x86.ActiveCfg = Release|iPhone
	EndGlobalSection
	GlobalSection(SolutionProperties) = preSolution
		HideSolutionNode = FALSE
	EndGlobalSection
	GlobalSection(ExtensibilityGlobals) = postSolution
		SolutionGuid = {64735697-2E54-4777-964C-8B5150F292B9}
	EndGlobalSection
EndGlobal
